
Microsoft Visual Studio Solution File, Format Version 12.00
# Visual Studio Version 17
VisualStudioVersion = 17.14.37027.9 d17.14
MinimumVisualStudioVersion = 10.0.40219.1
Project("{FAE04EC0-301F-11D3-BF4B-00C04F79EFBC}") = "Vetor 3", "Vetor 3.csproj", "{A0C00E66-5F21-4495-8687-2EE071D0791E}"
EndProject
Global
	GlobalSection(SolutionConfigurationPlatforms) = preSolution
		Debug|Any CPU = Debug|Any CPU
		Release|Any CPU = Release|Any CPU
	EndGlobalSection
	GlobalSection(ProjectConfigurationPlatforms) = postSolution
		{A0C00E66-5F21-4495-8687-2EE071D0791E}.Debug|Any CPU.ActiveCfg = Debug|Any CPU
		{A0C00E66-5F21-4495-8687-2EE071D0791E}.Debug|Any CPU.Build.0 = Debug|Any CPU
		{A0C00E66-5F21-4495-8687-2EE071D0791E}.Release|Any CPU.ActiveCfg = Release|Any CPU
		{A0C00E66-5F21-4495-8687-2EE071D0791E}.Release|Any CPU.Build.0 = Release|Any CPU
	EndGlobalSection
	GlobalSection(SolutionProperties) = preSolution
		HideSolutionNode = FALSE
	EndGlobalSection
	GlobalSection(ExtensibilityGlobals) = postSolution
		SolutionGuid = {97A254D8-B4B0-4BD7-9060-9042DE12FA2C}
	EndGlobalSection
EndGlobal
