
Microsoft Visual Studio Solution File, Format Version 12.00
# Visual Studio Version 17
VisualStudioVersion = 17.14.37027.9 d17.14
MinimumVisualStudioVersion = 10.0.40219.1
Project("{FAE04EC0-301F-11D3-BF4B-00C04F79EFBC}") = "Vetor 5", "Vetor 5.csproj", "{2542F650-3FAA-450A-92B9-AD0ABCBCB3CD}"
EndProject
Global
	GlobalSection(SolutionConfigurationPlatforms) = preSolution
		Debug|Any CPU = Debug|Any CPU
		Release|Any CPU = Release|Any CPU
	EndGlobalSection
	GlobalSection(ProjectConfigurationPlatforms) = postSolution
		{2542F650-3FAA-450A-92B9-AD0ABCBCB3CD}.Debug|Any CPU.ActiveCfg = Debug|Any CPU
		{2542F650-3FAA-450A-92B9-AD0ABCBCB3CD}.Debug|Any CPU.Build.0 = Debug|Any CPU
		{2542F650-3FAA-450A-92B9-AD0ABCBCB3CD}.Release|Any CPU.ActiveCfg = Release|Any CPU
		{2542F650-3FAA-450A-92B9-AD0ABCBCB3CD}.Release|Any CPU.Build.0 = Release|Any CPU
	EndGlobalSection
	GlobalSection(SolutionProperties) = preSolution
		HideSolutionNode = FALSE
	EndGlobalSection
	GlobalSection(ExtensibilityGlobals) = postSolution
		SolutionGuid = {5F9087CD-7837-4353-8626-F62D7F01A69F}
	EndGlobalSection
EndGlobal
