
Microsoft Visual Studio Solution File, Format Version 12.00
# Visual Studio Version 17
VisualStudioVersion = 17.14.37027.9 d17.14
MinimumVisualStudioVersion = 10.0.40219.1
Project("{FAE04EC0-301F-11D3-BF4B-00C04F79EFBC}") = "Vetor 6", "Vetor 6.csproj", "{887340C3-D98C-4776-98CA-A5833A351ADA}"
EndProject
Global
	GlobalSection(SolutionConfigurationPlatforms) = preSolution
		Debug|Any CPU = Debug|Any CPU
		Release|Any CPU = Release|Any CPU
	EndGlobalSection
	GlobalSection(ProjectConfigurationPlatforms) = postSolution
		{887340C3-D98C-4776-98CA-A5833A351ADA}.Debug|Any CPU.ActiveCfg = Debug|Any CPU
		{887340C3-D98C-4776-98CA-A5833A351ADA}.Debug|Any CPU.Build.0 = Debug|Any CPU
		{887340C3-D98C-4776-98CA-A5833A351ADA}.Release|Any CPU.ActiveCfg = Release|Any CPU
		{887340C3-D98C-4776-98CA-A5833A351ADA}.Release|Any CPU.Build.0 = Release|Any CPU
	EndGlobalSection
	GlobalSection(SolutionProperties) = preSolution
		HideSolutionNode = FALSE
	EndGlobalSection
	GlobalSection(ExtensibilityGlobals) = postSolution
		SolutionGuid = {65FCC1CF-FCE8-47CC-A9E2-DCF584CDB5A2}
	EndGlobalSection
EndGlobal
