
Microsoft Visual Studio Solution File, Format Version 12.00
# Visual Studio Version 17
VisualStudioVersion = 17.14.37027.9 d17.14
MinimumVisualStudioVersion = 10.0.40219.1
Project("{FAE04EC0-301F-11D3-BF4B-00C04F79EFBC}") = "Vetor 7", "Vetor 7.csproj", "{9D2FFBB9-A1CE-45B9-9609-9F52644DEEA4}"
EndProject
Global
	GlobalSection(SolutionConfigurationPlatforms) = preSolution
		Debug|Any CPU = Debug|Any CPU
		Release|Any CPU = Release|Any CPU
	EndGlobalSection
	GlobalSection(ProjectConfigurationPlatforms) = postSolution
		{9D2FFBB9-A1CE-45B9-9609-9F52644DEEA4}.Debug|Any CPU.ActiveCfg = Debug|Any CPU
		{9D2FFBB9-A1CE-45B9-9609-9F52644DEEA4}.Debug|Any CPU.Build.0 = Debug|Any CPU
		{9D2FFBB9-A1CE-45B9-9609-9F52644DEEA4}.Release|Any CPU.ActiveCfg = Release|Any CPU
		{9D2FFBB9-A1CE-45B9-9609-9F52644DEEA4}.Release|Any CPU.Build.0 = Release|Any CPU
	EndGlobalSection
	GlobalSection(SolutionProperties) = preSolution
		HideSolutionNode = FALSE
	EndGlobalSection
	GlobalSection(ExtensibilityGlobals) = postSolution
		SolutionGuid = {14D4422C-72FF-4544-93B9-1D48777A546F}
	EndGlobalSection
EndGlobal
