
Microsoft Visual Studio Solution File, Format Version 12.00
# Visual Studio Version 17
VisualStudioVersion = 17.14.37027.9 d17.14
MinimumVisualStudioVersion = 10.0.40219.1
Project("{FAE04EC0-301F-11D3-BF4B-00C04F79EFBC}") = "Vetor1", "Vetor1.csproj", "{276E65B7-992E-4072-A4D1-E825E2D48D4F}"
EndProject
Global
	GlobalSection(SolutionConfigurationPlatforms) = preSolution
		Debug|Any CPU = Debug|Any CPU
		Release|Any CPU = Release|Any CPU
	EndGlobalSection
	GlobalSection(ProjectConfigurationPlatforms) = postSolution
		{276E65B7-992E-4072-A4D1-E825E2D48D4F}.Debug|Any CPU.ActiveCfg = Debug|Any CPU
		{276E65B7-992E-4072-A4D1-E825E2D48D4F}.Debug|Any CPU.Build.0 = Debug|Any CPU
		{276E65B7-992E-4072-A4D1-E825E2D48D4F}.Release|Any CPU.ActiveCfg = Release|Any CPU
		{276E65B7-992E-4072-A4D1-E825E2D48D4F}.Release|Any CPU.Build.0 = Release|Any CPU
	EndGlobalSection
	GlobalSection(SolutionProperties) = preSolution
		HideSolutionNode = FALSE
	EndGlobalSection
	GlobalSection(ExtensibilityGlobals) = postSolution
		SolutionGuid = {5C3B50C2-088E-4AFF-ADC5-599FFD04D595}
	EndGlobalSection
EndGlobal
